
Microsoft Visual Studio Solution File, Format Version 12.00
# Visual Studio Version 17
VisualStudioVersion = 17.7.34018.315
MinimumVisualStudioVersion = 10.0.40219.1
Project("{9A19103F-16F7-4668-BE54-9A1E7A4F7556}") = "ControleEstoque", "ControleEstoque\ControleEstoque.csproj", "{3D27F019-4267-434F-90A6-38A2CB7C81A8}"
EndProject
Project("{9A19103F-16F7-4668-BE54-9A1E7A4F7556}") = "ControleEstoqueSDK", "ControleEstoqueSDK\ControleEstoqueSDK.csproj", "{4FF0E7EE-127C-43A9-9C76-86E32756D775}"
EndProject
Project("{9A19103F-16F7-4668-BE54-9A1E7A4F7556}") = "ControleEstoqueCore", "ControleEstoqueCore\ControleEstoqueCore.csproj", "{D2CF8786-4D5B-46BC-9154-79FB0A5C4704}"
EndProject
Project("{9A19103F-16F7-4668-BE54-9A1E7A4F7556}") = "ControleEstoqueImpl", "ControleEstoqueImpl\ControleEstoqueImpl.csproj", "{2C6049DF-EF98-4888-B9E3-A22F5B1A605B}"
EndProject
Project("{9A19103F-16F7-4668-BE54-9A1E7A4F7556}") = "ControleEstoqueResources", "ControleEstoqueResources\ControleEstoqueResources.csproj", "{1DEA77E5-C8AD-4201-87B3-FB6B74405347}"
EndProject
Project("{9A19103F-16F7-4668-BE54-9A1E7A4F7556}") = "ControleEstoquePages", "ControleEstoquePages\ControleEstoquePages.csproj", "{4C9EBCB4-9AAF-4515-A9D2-622C6764B56E}"
EndProject
Project("{9A19103F-16F7-4668-BE54-9A1E7A4F7556}") = "ControleEstoqueDB", "ControleEstoqueDB\ControleEstoqueDB.csproj", "{34A61705-7C32-45E0-8F4A-AC8445C5C618}"
EndProject
Project("{9A19103F-16F7-4668-BE54-9A1E7A4F7556}") = "ControleEstoqueUserControls", "ControleEstoqueUserControls\ControleEstoqueUserControls.csproj", "{CB968197-BA64-4C4E-97E4-5BF2087FDE34}"
EndProject
Project("{FAE04EC0-301F-11D3-BF4B-00C04F79EFBC}") = "ControleEstoqueDataGrid", "ControleEstoqueDataGrid\ControleEstoqueDataGrid.csproj", "{BD9B3464-11D4-4EBE-815F-1A660AF36CE1}"
EndProject
Global
	GlobalSection(SolutionConfigurationPlatforms) = preSolution
		Debug|Any CPU = Debug|Any CPU
		Debug|ARM64 = Debug|ARM64
		Debug|x64 = Debug|x64
		Debug|x86 = Debug|x86
		Release|Any CPU = Release|Any CPU
		Release|ARM64 = Release|ARM64
		Release|x64 = Release|x64
		Release|x86 = Release|x86
	EndGlobalSection
	GlobalSection(ProjectConfigurationPlatforms) = postSolution
		{3D27F019-4267-434F-90A6-38A2CB7C81A8}.Debug|Any CPU.ActiveCfg = Debug|x64
		{3D27F019-4267-434F-90A6-38A2CB7C81A8}.Debug|Any CPU.Build.0 = Debug|x64
		{3D27F019-4267-434F-90A6-38A2CB7C81A8}.Debug|Any CPU.Deploy.0 = Debug|x64
		{3D27F019-4267-434F-90A6-38A2CB7C81A8}.Debug|ARM64.ActiveCfg = Debug|ARM64
		{3D27F019-4267-434F-90A6-38A2CB7C81A8}.Debug|ARM64.Build.0 = Debug|ARM64
		{3D27F019-4267-434F-90A6-38A2CB7C81A8}.Debug|ARM64.Deploy.0 = Debug|ARM64
		{3D27F019-4267-434F-90A6-38A2CB7C81A8}.Debug|x64.ActiveCfg = Debug|x64
		{3D27F019-4267-434F-90A6-38A2CB7C81A8}.Debug|x64.Build.0 = Debug|x64
		{3D27F019-4267-434F-90A6-38A2CB7C81A8}.Debug|x64.Deploy.0 = Debug|x64
		{3D27F019-4267-434F-90A6-38A2CB7C81A8}.Debug|x86.ActiveCfg = Debug|x86
		{3D27F019-4267-434F-90A6-38A2CB7C81A8}.Debug|x86.Build.0 = Debug|x86
		{3D27F019-4267-434F-90A6-38A2CB7C81A8}.Debug|x86.Deploy.0 = Debug|x86
		{3D27F019-4267-434F-90A6-38A2CB7C81A8}.Release|Any CPU.ActiveCfg = Release|x64
		{3D27F019-4267-434F-90A6-38A2CB7C81A8}.Release|Any CPU.Build.0 = Release|x64
		{3D27F019-4267-434F-90A6-38A2CB7C81A8}.Release|Any CPU.Deploy.0 = Release|x64
		{3D27F019-4267-434F-90A6-38A2CB7C81A8}.Release|ARM64.ActiveCfg = Release|ARM64
		{3D27F019-4267-434F-90A6-38A2CB7C81A8}.Release|ARM64.Build.0 = Release|ARM64
		{3D27F019-4267-434F-90A6-38A2CB7C81A8}.Release|ARM64.Deploy.0 = Release|ARM64
		{3D27F019-4267-434F-90A6-38A2CB7C81A8}.Release|x64.ActiveCfg = Release|x64
		{3D27F019-4267-434F-90A6-38A2CB7C81A8}.Release|x64.Build.0 = Release|x64
		{3D27F019-4267-434F-90A6-38A2CB7C81A8}.Release|x64.Deploy.0 = Release|x64
		{3D27F019-4267-434F-90A6-38A2CB7C81A8}.Release|x86.ActiveCfg = Release|x86
		{3D27F019-4267-434F-90A6-38A2CB7C81A8}.Release|x86.Build.0 = Release|x86
		{3D27F019-4267-434F-90A6-38A2CB7C81A8}.Release|x86.Deploy.0 = Release|x86
		{4FF0E7EE-127C-43A9-9C76-86E32756D775}.Debug|Any CPU.ActiveCfg = Debug|Any CPU
		{4FF0E7EE-127C-43A9-9C76-86E32756D775}.Debug|Any CPU.Build.0 = Debug|Any CPU
		{4FF0E7EE-127C-43A9-9C76-86E32756D775}.Debug|ARM64.ActiveCfg = Debug|Any CPU
		{4FF0E7EE-127C-43A9-9C76-86E32756D775}.Debug|ARM64.Build.0 = Debug|Any CPU
		{4FF0E7EE-127C-43A9-9C76-86E32756D775}.Debug|x64.ActiveCfg = Debug|Any CPU
		{4FF0E7EE-127C-43A9-9C76-86E32756D775}.Debug|x64.Build.0 = Debug|Any CPU
		{4FF0E7EE-127C-43A9-9C76-86E32756D775}.Debug|x86.ActiveCfg = Debug|Any CPU
		{4FF0E7EE-127C-43A9-9C76-86E32756D775}.Debug|x86.Build.0 = Debug|Any CPU
		{4FF0E7EE-127C-43A9-9C76-86E32756D775}.Release|Any CPU.ActiveCfg = Release|Any CPU
		{4FF0E7EE-127C-43A9-9C76-86E32756D775}.Release|Any CPU.Build.0 = Release|Any CPU
		{4FF0E7EE-127C-43A9-9C76-86E32756D775}.Release|ARM64.ActiveCfg = Release|Any CPU
		{4FF0E7EE-127C-43A9-9C76-86E32756D775}.Release|ARM64.Build.0 = Release|Any CPU
		{4FF0E7EE-127C-43A9-9C76-86E32756D775}.Release|x64.ActiveCfg = Release|Any CPU
		{4FF0E7EE-127C-43A9-9C76-86E32756D775}.Release|x64.Build.0 = Release|Any CPU
		{4FF0E7EE-127C-43A9-9C76-86E32756D775}.Release|x86.ActiveCfg = Release|Any CPU
		{4FF0E7EE-127C-43A9-9C76-86E32756D775}.Release|x86.Build.0 = Release|Any CPU
		{D2CF8786-4D5B-46BC-9154-79FB0A5C4704}.Debug|Any CPU.ActiveCfg = Debug|Any CPU
		{D2CF8786-4D5B-46BC-9154-79FB0A5C4704}.Debug|Any CPU.Build.0 = Debug|Any CPU
		{D2CF8786-4D5B-46BC-9154-79FB0A5C4704}.Debug|ARM64.ActiveCfg = Debug|Any CPU
		{D2CF8786-4D5B-46BC-9154-79FB0A5C4704}.Debug|ARM64.Build.0 = Debug|Any CPU
		{D2CF8786-4D5B-46BC-9154-79FB0A5C4704}.Debug|x64.ActiveCfg = Debug|Any CPU
		{D2CF8786-4D5B-46BC-9154-79FB0A5C4704}.Debug|x64.Build.0 = Debug|Any CPU
		{D2CF8786-4D5B-46BC-9154-79FB0A5C4704}.Debug|x86.ActiveCfg = Debug|Any CPU
		{D2CF8786-4D5B-46BC-9154-79FB0A5C4704}.Debug|x86.Build.0 = Debug|Any CPU
		{D2CF8786-4D5B-46BC-9154-79FB0A5C4704}.Release|Any CPU.ActiveCfg = Release|Any CPU
		{D2CF8786-4D5B-46BC-9154-79FB0A5C4704}.Release|Any CPU.Build.0 = Release|Any CPU
		{D2CF8786-4D5B-46BC-9154-79FB0A5C4704}.Release|ARM64.ActiveCfg = Release|Any CPU
		{D2CF8786-4D5B-46BC-9154-79FB0A5C4704}.Release|ARM64.Build.0 = Release|Any CPU
		{D2CF8786-4D5B-46BC-9154-79FB0A5C4704}.Release|x64.ActiveCfg = Release|Any CPU
		{D2CF8786-4D5B-46BC-9154-79FB0A5C4704}.Release|x64.Build.0 = Release|Any CPU
		{D2CF8786-4D5B-46BC-9154-79FB0A5C4704}.Release|x86.ActiveCfg = Release|Any CPU
		{D2CF8786-4D5B-46BC-9154-79FB0A5C4704}.Release|x86.Build.0 = Release|Any CPU
		{2C6049DF-EF98-4888-B9E3-A22F5B1A605B}.Debug|Any CPU.ActiveCfg = Debug|Any CPU
		{2C6049DF-EF98-4888-B9E3-A22F5B1A605B}.Debug|Any CPU.Build.0 = Debug|Any CPU
		{2C6049DF-EF98-4888-B9E3-A22F5B1A605B}.Debug|ARM64.ActiveCfg = Debug|Any CPU
		{2C6049DF-EF98-4888-B9E3-A22F5B1A605B}.Debug|ARM64.Build.0 = Debug|Any CPU
		{2C6049DF-EF98-4888-B9E3-A22F5B1A605B}.Debug|x64.ActiveCfg = Debug|Any CPU
		{2C6049DF-EF98-4888-B9E3-A22F5B1A605B}.Debug|x64.Build.0 = Debug|Any CPU
		{2C6049DF-EF98-4888-B9E3-A22F5B1A605B}.Debug|x86.ActiveCfg = Debug|Any CPU
		{2C6049DF-EF98-4888-B9E3-A22F5B1A605B}.Debug|x86.Build.0 = Debug|Any CPU
		{2C6049DF-EF98-4888-B9E3-A22F5B1A605B}.Release|Any CPU.ActiveCfg = Release|Any CPU
		{2C6049DF-EF98-4888-B9E3-A22F5B1A605B}.Release|Any CPU.Build.0 = Release|Any CPU
		{2C6049DF-EF98-4888-B9E3-A22F5B1A605B}.Release|ARM64.ActiveCfg = Release|Any CPU
		{2C6049DF-EF98-4888-B9E3-A22F5B1A605B}.Release|ARM64.Build.0 = Release|Any CPU
		{2C6049DF-EF98-4888-B9E3-A22F5B1A605B}.Release|x64.ActiveCfg = Release|Any CPU
		{2C6049DF-EF98-4888-B9E3-A22F5B1A605B}.Release|x64.Build.0 = Release|Any CPU
		{2C6049DF-EF98-4888-B9E3-A22F5B1A605B}.Release|x86.ActiveCfg = Release|Any CPU
		{2C6049DF-EF98-4888-B9E3-A22F5B1A605B}.Release|x86.Build.0 = Release|Any CPU
		{1DEA77E5-C8AD-4201-87B3-FB6B74405347}.Debug|Any CPU.ActiveCfg = Debug|Any CPU
		{1DEA77E5-C8AD-4201-87B3-FB6B74405347}.Debug|Any CPU.Build.0 = Debug|Any CPU
		{1DEA77E5-C8AD-4201-87B3-FB6B74405347}.Debug|ARM64.ActiveCfg = Debug|Any CPU
		{1DEA77E5-C8AD-4201-87B3-FB6B74405347}.Debug|ARM64.Build.0 = Debug|Any CPU
		{1DEA77E5-C8AD-4201-87B3-FB6B74405347}.Debug|x64.ActiveCfg = Debug|Any CPU
		{1DEA77E5-C8AD-4201-87B3-FB6B74405347}.Debug|x64.Build.0 = Debug|Any CPU
		{1DEA77E5-C8AD-4201-87B3-FB6B74405347}.Debug|x86.ActiveCfg = Debug|Any CPU
		{1DEA77E5-C8AD-4201-87B3-FB6B74405347}.Debug|x86.Build.0 = Debug|Any CPU
		{1DEA77E5-C8AD-4201-87B3-FB6B74405347}.Release|Any CPU.ActiveCfg = Release|Any CPU
		{1DEA77E5-C8AD-4201-87B3-FB6B74405347}.Release|Any CPU.Build.0 = Release|Any CPU
		{1DEA77E5-C8AD-4201-87B3-FB6B74405347}.Release|ARM64.ActiveCfg = Release|Any CPU
		{1DEA77E5-C8AD-4201-87B3-FB6B74405347}.Release|ARM64.Build.0 = Release|Any CPU
		{1DEA77E5-C8AD-4201-87B3-FB6B74405347}.Release|x64.ActiveCfg = Release|Any CPU
		{1DEA77E5-C8AD-4201-87B3-FB6B74405347}.Release|x64.Build.0 = Release|Any CPU
		{1DEA77E5-C8AD-4201-87B3-FB6B74405347}.Release|x86.ActiveCfg = Release|Any CPU
		{1DEA77E5-C8AD-4201-87B3-FB6B74405347}.Release|x86.Build.0 = Release|Any CPU
		{4C9EBCB4-9AAF-4515-A9D2-622C6764B56E}.Debug|Any CPU.ActiveCfg = Debug|Any CPU
		{4C9EBCB4-9AAF-4515-A9D2-622C6764B56E}.Debug|Any CPU.Build.0 = Debug|Any CPU
		{4C9EBCB4-9AAF-4515-A9D2-622C6764B56E}.Debug|ARM64.ActiveCfg = Debug|Any CPU
		{4C9EBCB4-9AAF-4515-A9D2-622C6764B56E}.Debug|ARM64.Build.0 = Debug|Any CPU
		{4C9EBCB4-9AAF-4515-A9D2-622C6764B56E}.Debug|x64.ActiveCfg = Debug|Any CPU
		{4C9EBCB4-9AAF-4515-A9D2-622C6764B56E}.Debug|x64.Build.0 = Debug|Any CPU
		{4C9EBCB4-9AAF-4515-A9D2-622C6764B56E}.Debug|x86.ActiveCfg = Debug|Any CPU
		{4C9EBCB4-9AAF-4515-A9D2-622C6764B56E}.Debug|x86.Build.0 = Debug|Any CPU
		{4C9EBCB4-9AAF-4515-A9D2-622C6764B56E}.Release|Any CPU.ActiveCfg = Release|Any CPU
		{4C9EBCB4-9AAF-4515-A9D2-622C6764B56E}.Release|Any CPU.Build.0 = Release|Any CPU
		{4C9EBCB4-9AAF-4515-A9D2-622C6764B56E}.Release|ARM64.ActiveCfg = Release|Any CPU
		{4C9EBCB4-9AAF-4515-A9D2-622C6764B56E}.Release|ARM64.Build.0 = Release|Any CPU
		{4C9EBCB4-9AAF-4515-A9D2-622C6764B56E}.Release|x64.ActiveCfg = Release|Any CPU
		{4C9EBCB4-9AAF-4515-A9D2-622C6764B56E}.Release|x64.Build.0 = Release|Any CPU
		{4C9EBCB4-9AAF-4515-A9D2-622C6764B56E}.Release|x86.ActiveCfg = Release|Any CPU
		{4C9EBCB4-9AAF-4515-A9D2-622C6764B56E}.Release|x86.Build.0 = Release|Any CPU
		{34A61705-7C32-45E0-8F4A-AC8445C5C618}.Debug|Any CPU.ActiveCfg = Debug|Any CPU
		{34A61705-7C32-45E0-8F4A-AC8445C5C618}.Debug|Any CPU.Build.0 = Debug|Any CPU
		{34A61705-7C32-45E0-8F4A-AC8445C5C618}.Debug|ARM64.ActiveCfg = Debug|Any CPU
		{34A61705-7C32-45E0-8F4A-AC8445C5C618}.Debug|ARM64.Build.0 = Debug|Any CPU
		{34A61705-7C32-45E0-8F4A-AC8445C5C618}.Debug|x64.ActiveCfg = Debug|Any CPU
		{34A61705-7C32-45E0-8F4A-AC8445C5C618}.Debug|x64.Build.0 = Debug|Any CPU
		{34A61705-7C32-45E0-8F4A-AC8445C5C618}.Debug|x86.ActiveCfg = Debug|Any CPU
		{34A61705-7C32-45E0-8F4A-AC8445C5C618}.Debug|x86.Build.0 = Debug|Any CPU
		{34A61705-7C32-45E0-8F4A-AC8445C5C618}.Release|Any CPU.ActiveCfg = Release|Any CPU
		{34A61705-7C32-45E0-8F4A-AC8445C5C618}.Release|Any CPU.Build.0 = Release|Any CPU
		{34A61705-7C32-45E0-8F4A-AC8445C5C618}.Release|ARM64.ActiveCfg = Release|Any CPU
		{34A61705-7C32-45E0-8F4A-AC8445C5C618}.Release|ARM64.Build.0 = Release|Any CPU
		{34A61705-7C32-45E0-8F4A-AC8445C5C618}.Release|x64.ActiveCfg = Release|Any CPU
		{34A61705-7C32-45E0-8F4A-AC8445C5C618}.Release|x64.Build.0 = Release|Any CPU
		{34A61705-7C32-45E0-8F4A-AC8445C5C618}.Release|x86.ActiveCfg = Release|Any CPU
		{34A61705-7C32-45E0-8F4A-AC8445C5C618}.Release|x86.Build.0 = Release|Any CPU
		{CB968197-BA64-4C4E-97E4-5BF2087FDE34}.Debug|Any CPU.ActiveCfg = Debug|Any CPU
		{CB968197-BA64-4C4E-97E4-5BF2087FDE34}.Debug|Any CPU.Build.0 = Debug|Any CPU
		{CB968197-BA64-4C4E-97E4-5BF2087FDE34}.Debug|ARM64.ActiveCfg = Debug|Any CPU
		{CB968197-BA64-4C4E-97E4-5BF2087FDE34}.Debug|ARM64.Build.0 = Debug|Any CPU
		{CB968197-BA64-4C4E-97E4-5BF2087FDE34}.Debug|x64.ActiveCfg = Debug|Any CPU
		{CB968197-BA64-4C4E-97E4-5BF2087FDE34}.Debug|x64.Build.0 = Debug|Any CPU
		{CB968197-BA64-4C4E-97E4-5BF2087FDE34}.Debug|x86.ActiveCfg = Debug|Any CPU
		{CB968197-BA64-4C4E-97E4-5BF2087FDE34}.Debug|x86.Build.0 = Debug|Any CPU
		{CB968197-BA64-4C4E-97E4-5BF2087FDE34}.Release|Any CPU.ActiveCfg = Release|Any CPU
		{CB968197-BA64-4C4E-97E4-5BF2087FDE34}.Release|Any CPU.Build.0 = Release|Any CPU
		{CB968197-BA64-4C4E-97E4-5BF2087FDE34}.Release|ARM64.ActiveCfg = Release|Any CPU
		{CB968197-BA64-4C4E-97E4-5BF2087FDE34}.Release|ARM64.Build.0 = Release|Any CPU
		{CB968197-BA64-4C4E-97E4-5BF2087FDE34}.Release|x64.ActiveCfg = Release|Any CPU
		{CB968197-BA64-4C4E-97E4-5BF2087FDE34}.Release|x64.Build.0 = Release|Any CPU
		{CB968197-BA64-4C4E-97E4-5BF2087FDE34}.Release|x86.ActiveCfg = Release|Any CPU
		{CB968197-BA64-4C4E-97E4-5BF2087FDE34}.Release|x86.Build.0 = Release|Any CPU
		{BD9B3464-11D4-4EBE-815F-1A660AF36CE1}.Debug|Any CPU.ActiveCfg = Debug|Any CPU
		{BD9B3464-11D4-4EBE-815F-1A660AF36CE1}.Debug|Any CPU.Build.0 = Debug|Any CPU
		{BD9B3464-11D4-4EBE-815F-1A660AF36CE1}.Debug|ARM64.ActiveCfg = Debug|Any CPU
		{BD9B3464-11D4-4EBE-815F-1A660AF36CE1}.Debug|ARM64.Build.0 = Debug|Any CPU
		{BD9B3464-11D4-4EBE-815F-1A660AF36CE1}.Debug|x64.ActiveCfg = Debug|Any CPU
		{BD9B3464-11D4-4EBE-815F-1A660AF36CE1}.Debug|x64.Build.0 = Debug|Any CPU
		{BD9B3464-11D4-4EBE-815F-1A660AF36CE1}.Debug|x86.ActiveCfg = Debug|Any CPU
		{BD9B3464-11D4-4EBE-815F-1A660AF36CE1}.Debug|x86.Build.0 = Debug|Any CPU
		{BD9B3464-11D4-4EBE-815F-1A660AF36CE1}.Release|Any CPU.ActiveCfg = Release|Any CPU
		{BD9B3464-11D4-4EBE-815F-1A660AF36CE1}.Release|Any CPU.Build.0 = Release|Any CPU
		{BD9B3464-11D4-4EBE-815F-1A660AF36CE1}.Release|ARM64.ActiveCfg = Release|Any CPU
		{BD9B3464-11D4-4EBE-815F-1A660AF36CE1}.Release|ARM64.Build.0 = Release|Any CPU
		{BD9B3464-11D4-4EBE-815F-1A660AF36CE1}.Release|x64.ActiveCfg = Release|Any CPU
		{BD9B3464-11D4-4EBE-815F-1A660AF36CE1}.Release|x64.Build.0 = Release|Any CPU
		{BD9B3464-11D4-4EBE-815F-1A660AF36CE1}.Release|x86.ActiveCfg = Release|Any CPU
		{BD9B3464-11D4-4EBE-815F-1A660AF36CE1}.Release|x86.Build.0 = Release|Any CPU
	EndGlobalSection
	GlobalSection(SolutionProperties) = preSolution
		HideSolutionNode = FALSE
	EndGlobalSection
	GlobalSection(ExtensibilityGlobals) = postSolution
		SolutionGuid = {DFF2BC93-6EE3-4EBA-9576-2DA64AAD7C0B}
	EndGlobalSection
EndGlobal
